// !$*UTF8*$!
{
	archiveVersion = 1;
	classes = {
	};
	objectVersion = 45;
	objects = {

/* Begin PBXBuildFile section */
		1D3623260D0F684500981E51 /* FlexiFormatAppDelegate.m in Sources */ = {isa = PBXBuildFile; fileRef = 1D3623250D0F684500981E51 /* FlexiFormatAppDelegate.m */; };
		1D60589B0D05DD56006BFB54 /* main.m in Sources */ = {isa = PBXBuildFile; fileRef = 29B97316FDCFA39411CA2CEA /* main.m */; };
		1D60589F0D05DD5A006BFB54 /* Foundation.framework in Frameworks */ = {isa = PBXBuildFile; fileRef = 1D30AB110D05D00D00671497 /* Foundation.framework */; };
		1DF5F4E00D08C38300B7A737 /* UIKit.framework in Frameworks */ = {isa = PBXBuildFile; fileRef = 1DF5F4DF0D08C38300B7A737 /* UIKit.framework */; };
		288765A50DF7441C002DB57D /* CoreGraphics.framework in Frameworks */ = {isa = PBXBuildFile; fileRef = 288765A40DF7441C002DB57D /* CoreGraphics.framework */; };
		2899E5220DE3E06400AC0155 /* FlexiFormatViewController.xib in Resources */ = {isa = PBXBuildFile; fileRef = 2899E5210DE3E06400AC0155 /* FlexiFormatViewController.xib */; };
		28AD733F0D9D9553002E5188 /* MainWindow.xib in Resources */ = {isa = PBXBuildFile; fileRef = 28AD733E0D9D9553002E5188 /* MainWindow.xib */; };
		28D7ACF80DDB3853001CB0EB /* FlexiFormatViewController.m in Sources */ = {isa = PBXBuildFile; fileRef = 28D7ACF70DDB3853001CB0EB /* FlexiFormatViewController.m */; };
		CB37A2B5126E72EA009DFE01 /* Street_Formatter.plist in Resources */ = {isa = PBXBuildFile; fileRef = CB37A2B4126E72EA009DFE01 /* Street_Formatter.plist */; };
		CBE63F08126E7E3400189544 /* Suburb_Formatter.plist in Resources */ = {isa = PBXBuildFile; fileRef = CBE63F07126E7E3400189544 /* Suburb_Formatter.plist */; };
		CBE64174126EBD2A00189544 /* Address_Formatter.plist in Resources */ = {isa = PBXBuildFile; fileRef = CBE64173126EBD2A00189544 /* Address_Formatter.plist */; };
		CBE92D79126E539C00543EA8 /* FlexibleFormatter.m in Sources */ = {isa = PBXBuildFile; fileRef = CBE92D78126E539C00543EA8 /* FlexibleFormatter.m */; };
/* End PBXBuildFile section */

/* Begin PBXFileReference section */
		1D30AB110D05D00D00671497 /* Foundation.framework */ = {isa = PBXFileReference; lastKnownFileType = wrapper.framework; name = Foundation.framework; path = System/Library/Frameworks/Foundation.framework; sourceTree = SDKROOT; };
		1D3623240D0F684500981E51 /* FlexiFormatAppDelegate.h */ = {isa = PBXFileReference; fileEncoding = 4; lastKnownFileType = sourcecode.c.h; path = FlexiFormatAppDelegate.h; sourceTree = "<group>"; };
		1D3623250D0F684500981E51 /* FlexiFormatAppDelegate.m */ = {isa = PBXFileReference; fileEncoding = 4; lastKnownFileType = sourcecode.c.objc; path = FlexiFormatAppDelegate.m; sourceTree = "<group>"; };
		1D6058910D05DD3D006BFB54 /* FlexiFormat.app */ = {isa = PBXFileReference; explicitFileType = wrapper.application; includeInIndex = 0; path = FlexiFormat.app; sourceTree = BUILT_PRODUCTS_DIR; };
		1DF5F4DF0D08C38300B7A737 /* UIKit.framework */ = {isa = PBXFileReference; lastKnownFileType = wrapper.framework; name = UIKit.framework; path = System/Library/Frameworks/UIKit.framework; sourceTree = SDKROOT; };
		288765A40DF7441C002DB57D /* CoreGraphics.framework */ = {isa = PBXFileReference; lastKnownFileType = wrapper.framework; name = CoreGraphics.framework; path = System/Library/Frameworks/CoreGraphics.framework; sourceTree = SDKROOT; };
		2899E5210DE3E06400AC0155 /* FlexiFormatViewController.xib */ = {isa = PBXFileReference; lastKnownFileType = file.xib; path = FlexiFormatViewController.xib; sourceTree = "<group>"; };
		28AD733E0D9D9553002E5188 /* MainWindow.xib */ = {isa = PBXFileReference; lastKnownFileType = file.xib; path = MainWindow.xib; sourceTree = "<group>"; };
		28D7ACF60DDB3853001CB0EB /* FlexiFormatViewController.h */ = {isa = PBXFileReference; fileEncoding = 4; lastKnownFileType = sourcecode.c.h; path = FlexiFormatViewController.h; sourceTree = "<group>"; };
		28D7ACF70DDB3853001CB0EB /* FlexiFormatViewController.m */ = {isa = PBXFileReference; fileEncoding = 4; lastKnownFileType = sourcecode.c.objc; path = FlexiFormatViewController.m; sourceTree = "<group>"; };
		29B97316FDCFA39411CA2CEA /* main.m */ = {isa = PBXFileReference; fileEncoding = 4; lastKnownFileType = sourcecode.c.objc; path = main.m; sourceTree = "<group>"; };
		32CA4F630368D1EE00C91783 /* FlexiFormat_Prefix.pch */ = {isa = PBXFileReference; fileEncoding = 4; lastKnownFileType = sourcecode.c.h; path = FlexiFormat_Prefix.pch; sourceTree = "<group>"; };
		8D1107310486CEB800E47090 /* FlexiFormat-Info.plist */ = {isa = PBXFileReference; fileEncoding = 4; lastKnownFileType = text.plist.xml; path = "FlexiFormat-Info.plist"; plistStructureDefinitionIdentifier = "com.apple.xcode.plist.structure-definition.iphone.info-plist"; sourceTree = "<group>"; };
		CB37A2B4126E72EA009DFE01 /* Street_Formatter.plist */ = {isa = PBXFileReference; fileEncoding = 4; lastKnownFileType = text.plist.xml; name = Street_Formatter.plist; path = Classes/Street_Formatter.plist; sourceTree = "<group>"; };
		CBCBAA5C1280DACD0024325F /* Doxyfile */ = {isa = PBXFileReference; fileEncoding = 4; lastKnownFileType = text; path = Doxyfile; sourceTree = "<group>"; };
		CBE63F07126E7E3400189544 /* Suburb_Formatter.plist */ = {isa = PBXFileReference; fileEncoding = 4; lastKnownFileType = text.plist.xml; name = Suburb_Formatter.plist; path = Classes/Suburb_Formatter.plist; sourceTree = "<group>"; };
		CBE64173126EBD2A00189544 /* Address_Formatter.plist */ = {isa = PBXFileReference; fileEncoding = 4; lastKnownFileType = text.plist.xml; name = Address_Formatter.plist; path = Classes/Address_Formatter.plist; sourceTree = "<group>"; };
		CBE92D77126E539C00543EA8 /* FlexibleFormatter.h */ = {isa = PBXFileReference; fileEncoding = 4; lastKnownFileType = sourcecode.c.h; path = FlexibleFormatter.h; sourceTree = "<group>"; };
		CBE92D78126E539C00543EA8 /* FlexibleFormatter.m */ = {isa = PBXFileReference; fileEncoding = 4; lastKnownFileType = sourcecode.c.objc; path = FlexibleFormatter.m; sourceTree = "<group>"; };
/* End PBXFileReference section */

/* Begin PBXFrameworksBuildPhase section */
		1D60588F0D05DD3D006BFB54 /* Frameworks */ = {
			isa = PBXFrameworksBuildPhase;
			buildActionMask = 2147483647;
			files = (
				1D60589F0D05DD5A006BFB54 /* Foundation.framework in Frameworks */,
				1DF5F4E00D08C38300B7A737 /* UIKit.framework in Frameworks */,
				288765A50DF7441C002DB57D /* CoreGraphics.framework in Frameworks */,
			);
			runOnlyForDeploymentPostprocessing = 0;
		};
/* End PBXFrameworksBuildPhase section */

/* Begin PBXGroup section */
		080E96DDFE201D6D7F000001 /* Classes */ = {
			isa = PBXGroup;
			children = (
				CBE92D74126E538700543EA8 /* lib */,
				1D3623240D0F684500981E51 /* FlexiFormatAppDelegate.h */,
				1D3623250D0F684500981E51 /* FlexiFormatAppDelegate.m */,
				28D7ACF60DDB3853001CB0EB /* FlexiFormatViewController.h */,
				28D7ACF70DDB3853001CB0EB /* FlexiFormatViewController.m */,
			);
			path = Classes;
			sourceTree = "<group>";
		};
		19C28FACFE9D520D11CA2CBB /* Products */ = {
			isa = PBXGroup;
			children = (
				1D6058910D05DD3D006BFB54 /* FlexiFormat.app */,
			);
			name = Products;
			sourceTree = "<group>";
		};
		29B97314FDCFA39411CA2CEA /* CustomTemplate */ = {
			isa = PBXGroup;
			children = (
				080E96DDFE201D6D7F000001 /* Classes */,
				29B97315FDCFA39411CA2CEA /* Other Sources */,
				29B97317FDCFA39411CA2CEA /* Resources */,
				29B97323FDCFA39411CA2CEA /* Frameworks */,
				19C28FACFE9D520D11CA2CBB /* Products */,
			);
			name = CustomTemplate;
			sourceTree = "<group>";
		};
		29B97315FDCFA39411CA2CEA /* Other Sources */ = {
			isa = PBXGroup;
			children = (
				32CA4F630368D1EE00C91783 /* FlexiFormat_Prefix.pch */,
				29B97316FDCFA39411CA2CEA /* main.m */,
			);
			name = "Other Sources";
			sourceTree = "<group>";
		};
		29B97317FDCFA39411CA2CEA /* Resources */ = {
			isa = PBXGroup;
			children = (
				CBCBAA5C1280DACD0024325F /* Doxyfile */,
				CBE64173126EBD2A00189544 /* Address_Formatter.plist */,
				CB37A2B4126E72EA009DFE01 /* Street_Formatter.plist */,
				CBE63F07126E7E3400189544 /* Suburb_Formatter.plist */,
				2899E5210DE3E06400AC0155 /* FlexiFormatViewController.xib */,
				28AD733E0D9D9553002E5188 /* MainWindow.xib */,
				8D1107310486CEB800E47090 /* FlexiFormat-Info.plist */,
			);
			name = Resources;
			sourceTree = "<group>";
		};
		29B97323FDCFA39411CA2CEA /* Frameworks */ = {
			isa = PBXGroup;
			children = (
				1DF5F4DF0D08C38300B7A737 /* UIKit.framework */,
				1D30AB110D05D00D00671497 /* Foundation.framework */,
				288765A40DF7441C002DB57D /* CoreGraphics.framework */,
			);
			name = Frameworks;
			sourceTree = "<group>";
		};
		CBE92D74126E538700543EA8 /* lib */ = {
			isa = PBXGroup;
			children = (
				CBE92D77126E539C00543EA8 /* FlexibleFormatter.h */,
				CBE92D78126E539C00543EA8 /* FlexibleFormatter.m */,
			);
			name = lib;
			sourceTree = "<group>";
		};
/* End PBXGroup section */

/* Begin PBXNativeTarget section */
		1D6058900D05DD3D006BFB54 /* FlexiFormat */ = {
			isa = PBXNativeTarget;
			buildConfigurationList = 1D6058960D05DD3E006BFB54 /* Build configuration list for PBXNativeTarget "FlexiFormat" */;
			buildPhases = (
				1D60588D0D05DD3D006BFB54 /* Resources */,
				1D60588E0D05DD3D006BFB54 /* Sources */,
				1D60588F0D05DD3D006BFB54 /* Frameworks */,
				CBCBAA131280CF890024325F /* Generate Documentation */,
			);
			buildRules = (
			);
			dependencies = (
			);
			name = FlexiFormat;
			productName = FlexiFormat;
			productReference = 1D6058910D05DD3D006BFB54 /* FlexiFormat.app */;
			productType = "com.apple.product-type.application";
		};
/* End PBXNativeTarget section */

/* Begin PBXProject section */
		29B97313FDCFA39411CA2CEA /* Project object */ = {
			isa = PBXProject;
			buildConfigurationList = C01FCF4E08A954540054247B /* Build configuration list for PBXProject "FlexiFormat" */;
			compatibilityVersion = "Xcode 3.1";
			developmentRegion = English;
			hasScannedForEncodings = 1;
			knownRegions = (
				English,
				Japanese,
				French,
				German,
			);
			mainGroup = 29B97314FDCFA39411CA2CEA /* CustomTemplate */;
			projectDirPath = "";
			projectRoot = "";
			targets = (
				1D6058900D05DD3D006BFB54 /* FlexiFormat */,
			);
		};
/* End PBXProject section */

/* Begin PBXResourcesBuildPhase section */
		1D60588D0D05DD3D006BFB54 /* Resources */ = {
			isa = PBXResourcesBuildPhase;
			buildActionMask = 2147483647;
			files = (
				28AD733F0D9D9553002E5188 /* MainWindow.xib in Resources */,
				2899E5220DE3E06400AC0155 /* FlexiFormatViewController.xib in Resources */,
				CB37A2B5126E72EA009DFE01 /* Street_Formatter.plist in Resources */,
				CBE63F08126E7E3400189544 /* Suburb_Formatter.plist in Resources */,
				CBE64174126EBD2A00189544 /* Address_Formatter.plist in Resources */,
			);
			runOnlyForDeploymentPostprocessing = 0;
		};
/* End PBXResourcesBuildPhase section */

/* Begin PBXShellScriptBuildPhase section */
		CBCBAA131280CF890024325F /* Generate Documentation */ = {
			isa = PBXShellScriptBuildPhase;
			buildActionMask = 2147483647;
			files = (
			);
			inputPaths = (
			);
			name = "Generate Documentation";
			outputPaths = (
			);
			runOnlyForDeploymentPostprocessing = 0;
			shellPath = /bin/sh;
			shellScript = "#\n# Build the doxygen documentation for the project and load the docset into Xcode \n#\n# Created by Fred McCann on 03/16/2010.\n# Last updated 10/26/2010.\n# http://www.duckrowing.com\n#\n# Based on the build script provided by Apple:\n# http://developer.apple.com/tools/creatingdocsetswithdoxygen.html\n#\n# Set the variable $COMPANY_RDOMAIN_PREFIX equal to the reverse domain name of your comany\n# Example: com.duckrowing\n#\n\nDOXYGEN_PATH=\"/Applications/Doxygen.app/Contents/Resources/doxygen\"\nDOCSET_PATH=\"$SOURCE_ROOT/build/$PRODUCT_NAME.docset\"\n\n### JJM: Seems to blat the Doxyfile even if it exists\n#if ! [ -f \\\"$SOURCE_ROOT/Doxyfile\\\" ] \n#then \n#  echo doxygen config file does not exist\n#  $DOXYGEN_PATH -g \"$SOURCE_ROOT/Doxyfile\"\n#fi\n\n#  Append the proper input/output directories and docset info to the config file.\n#  This works even though values are assigned higher up in the file. Easier than sed.\n\ncp \"$SOURCE_ROOT/Doxyfile\" \"$TEMP_DIR/Doxyfile\"\n\n#echo \"INPUT = \\\"$SOURCE_ROOT\\\"\" >> \"$TEMP_DIR/Doxyfile\"\necho \"OUTPUT_DIRECTORY = \\\"$DOCSET_PATH\\\"\" >> \"$TEMP_DIR/Doxyfile\"\necho \"RECURSIVE = YES\" >> \"$TEMP_DIR/Doxyfile\"\n#echo \"EXTRACT_ALL        = YES\" >> \"$TEMP_DIR/Doxyfile\"\necho \"JAVADOC_AUTOBRIEF        = YES\" >> \"$TEMP_DIR/Doxyfile\"\necho \"GENERATE_LATEX        = NO\" >> \"$TEMP_DIR/Doxyfile\"\necho \"GENERATE_DOCSET        = YES\" >> \"$TEMP_DIR/Doxyfile\"\necho \"DOCSET_FEEDNAME = $PRODUCT_NAME Documentation\" >> \"$TEMP_DIR/Doxyfile\"\necho \"DOCSET_BUNDLE_ID       = $COMPANY_RDOMAIN_PREFIX.$PRODUCT_NAME\" >> \"$TEMP_DIR/Doxyfile\"\n\n#  Run doxygen on the updated config file.\n#  Note: doxygen creates a Makefile that does most of the heavy lifting.\n\n$DOXYGEN_PATH \"$TEMP_DIR/Doxyfile\"\n\n#  make will invoke docsetutil. Take a look at the Makefile to see how this is done.\n\nmake -C \"$DOCSET_PATH/html\" install\n\n#  Construct a temporary applescript file to tell Xcode to load a docset.\n\nrm -f \"$TEMP_DIR/loadDocSet.scpt\"\n\necho \"tell application \\\"Xcode\\\"\" >> \"$TEMP_DIR/loadDocSet.scpt\"\necho \"load documentation set with path \\\"/Users/$USER/Library/Developer/Shared/Documentation/DocSets/$COMPANY_RDOMAIN_PREFIX.$PRODUCT_NAME.docset\\\"\" >> \"$TEMP_DIR/loadDocSet.scpt\"\necho \"end tell\" >> \"$TEMP_DIR/loadDocSet.scpt\"\n\n#  Run the load-docset applescript command.\nosascript \"$TEMP_DIR/loadDocSet.scpt\"\n\nexit 0\n\t\t\t\t\n";
		};
/* End PBXShellScriptBuildPhase section */

/* Begin PBXSourcesBuildPhase section */
		1D60588E0D05DD3D006BFB54 /* Sources */ = {
			isa = PBXSourcesBuildPhase;
			buildActionMask = 2147483647;
			files = (
				1D60589B0D05DD56006BFB54 /* main.m in Sources */,
				1D3623260D0F684500981E51 /* FlexiFormatAppDelegate.m in Sources */,
				28D7ACF80DDB3853001CB0EB /* FlexiFormatViewController.m in Sources */,
				CBE92D79126E539C00543EA8 /* FlexibleFormatter.m in Sources */,
			);
			runOnlyForDeploymentPostprocessing = 0;
		};
/* End PBXSourcesBuildPhase section */

/* Begin XCBuildConfiguration section */
		1D6058940D05DD3E006BFB54 /* Debug */ = {
			isa = XCBuildConfiguration;
			buildSettings = {
				ALWAYS_SEARCH_USER_PATHS = NO;
				COPY_PHASE_STRIP = NO;
				GCC_DYNAMIC_NO_PIC = NO;
				GCC_OPTIMIZATION_LEVEL = 0;
				GCC_PRECOMPILE_PREFIX_HEADER = YES;
				GCC_PREFIX_HEADER = FlexiFormat_Prefix.pch;
				INFOPLIST_FILE = "FlexiFormat-Info.plist";
				PRODUCT_NAME = FlexiFormat;
			};
			name = Debug;
		};
		1D6058950D05DD3E006BFB54 /* Release */ = {
			isa = XCBuildConfiguration;
			buildSettings = {
				ALWAYS_SEARCH_USER_PATHS = NO;
				COPY_PHASE_STRIP = YES;
				GCC_PRECOMPILE_PREFIX_HEADER = YES;
				GCC_PREFIX_HEADER = FlexiFormat_Prefix.pch;
				INFOPLIST_FILE = "FlexiFormat-Info.plist";
				PRODUCT_NAME = FlexiFormat;
				VALIDATE_PRODUCT = YES;
			};
			name = Release;
		};
		C01FCF4F08A954540054247B /* Debug */ = {
			isa = XCBuildConfiguration;
			buildSettings = {
				ARCHS = "$(ARCHS_STANDARD_32_BIT)";
				"CODE_SIGN_IDENTITY[sdk=iphoneos*]" = "iPhone Developer";
				GCC_C_LANGUAGE_STANDARD = c99;
				GCC_VERSION = com.apple.compilers.llvmgcc42;
				GCC_WARN_ABOUT_RETURN_TYPE = YES;
				GCC_WARN_UNUSED_VALUE = YES;
				GCC_WARN_UNUSED_VARIABLE = YES;
				PREBINDING = NO;
				SDKROOT = iphoneos4.1;
			};
			name = Debug;
		};
		C01FCF5008A954540054247B /* Release */ = {
			isa = XCBuildConfiguration;
			buildSettings = {
				ARCHS = "$(ARCHS_STANDARD_32_BIT)";
				"CODE_SIGN_IDENTITY[sdk=iphoneos*]" = "iPhone Developer";
				GCC_C_LANGUAGE_STANDARD = c99;
				GCC_VERSION = com.apple.compilers.llvmgcc42;
				GCC_WARN_ABOUT_RETURN_TYPE = YES;
				GCC_WARN_UNUSED_VALUE = YES;
				GCC_WARN_UNUSED_VARIABLE = YES;
				OTHER_CFLAGS = "-DNS_BLOCK_ASSERTIONS=1";
				PREBINDING = NO;
				SDKROOT = iphoneos4.1;
			};
			name = Release;
		};
/* End XCBuildConfiguration section */

/* Begin XCConfigurationList section */
		1D6058960D05DD3E006BFB54 /* Build configuration list for PBXNativeTarget "FlexiFormat" */ = {
			isa = XCConfigurationList;
			buildConfigurations = (
				1D6058940D05DD3E006BFB54 /* Debug */,
				1D6058950D05DD3E006BFB54 /* Release */,
			);
			defaultConfigurationIsVisible = 0;
			defaultConfigurationName = Release;
		};
		C01FCF4E08A954540054247B /* Build configuration list for PBXProject "FlexiFormat" */ = {
			isa = XCConfigurationList;
			buildConfigurations = (
				C01FCF4F08A954540054247B /* Debug */,
				C01FCF5008A954540054247B /* Release */,
			);
			defaultConfigurationIsVisible = 0;
			defaultConfigurationName = Release;
		};
/* End XCConfigurationList section */
	};
	rootObject = 29B97313FDCFA39411CA2CEA /* Project object */;
}
